// !$*UTF8*$!
{
	archiveVersion = 1;
	classes = {
	};
	objectVersion = 56;
	objects = {

/* Begin PBXBuildFile section */
		60570E4A2AFE24010019C535 /* AppDelegate.swift in Sources */ = {isa = PBXBuildFile; fileRef = 60570E492AFE24010019C535 /* AppDelegate.swift */; };
		60570E4C2AFE24010019C535 /* SceneDelegate.swift in Sources */ = {isa = PBXBuildFile; fileRef = 60570E4B2AFE24010019C535 /* SceneDelegate.swift */; };
		60570E4E2AFE24010019C535 /* OverviewController.swift in Sources */ = {isa = PBXBuildFile; fileRef = 60570E4D2AFE24010019C535 /* OverviewController.swift */; };
		60570E532AFE24020019C535 /* Assets.xcassets in Resources */ = {isa = PBXBuildFile; fileRef = 60570E522AFE24020019C535 /* Assets.xcassets */; };
		60570E562AFE24020019C535 /* LaunchScreen.storyboard in Resources */ = {isa = PBXBuildFile; fileRef = 60570E542AFE24020019C535 /* LaunchScreen.storyboard */; };
		60570E662AFE25550019C535 /* TabBarController.swift in Sources */ = {isa = PBXBuildFile; fileRef = 60570E652AFE25550019C535 /* TabBarController.swift */; };
		60570E692AFE25A30019C535 /* SessionViewController.swift in Sources */ = {isa = PBXBuildFile; fileRef = 60570E682AFE25A30019C535 /* SessionViewController.swift */; };
		60570E6B2AFE25B00019C535 /* ProgressViewController.swift in Sources */ = {isa = PBXBuildFile; fileRef = 60570E6A2AFE25B00019C535 /* ProgressViewController.swift */; };
		60570E6D2AFE25BF0019C535 /* SettingsViewController.swift in Sources */ = {isa = PBXBuildFile; fileRef = 60570E6C2AFE25BF0019C535 /* SettingsViewController.swift */; };
		60570E702AFE25FE0019C535 /* Extension + UIColor.swift in Sources */ = {isa = PBXBuildFile; fileRef = 60570E6F2AFE25FE0019C535 /* Extension + UIColor.swift */; };
		60570E732AFE26500019C535 /* Resources.swift in Sources */ = {isa = PBXBuildFile; fileRef = 60570E722AFE26500019C535 /* Resources.swift */; };
		60570E762AFE2E310019C535 /* NavigationController.swift in Sources */ = {isa = PBXBuildFile; fileRef = 60570E752AFE2E310019C535 /* NavigationController.swift */; };
		60570E782AFE31BA0019C535 /* BaseController.swift in Sources */ = {isa = PBXBuildFile; fileRef = 60570E772AFE31BA0019C535 /* BaseController.swift */; };
		60570E7A2AFE34340019C535 /* Extension + UIView.swift in Sources */ = {isa = PBXBuildFile; fileRef = 60570E792AFE34340019C535 /* Extension + UIView.swift */; };
/* End PBXBuildFile section */

/* Begin PBXFileReference section */
		60570E462AFE24010019C535 /* WorkoutApp.app */ = {isa = PBXFileReference; explicitFileType = wrapper.application; includeInIndex = 0; path = WorkoutApp.app; sourceTree = BUILT_PRODUCTS_DIR; };
		60570E492AFE24010019C535 /* AppDelegate.swift */ = {isa = PBXFileReference; lastKnownFileType = sourcecode.swift; path = AppDelegate.swift; sourceTree = "<group>"; };
		60570E4B2AFE24010019C535 /* SceneDelegate.swift */ = {isa = PBXFileReference; lastKnownFileType = sourcecode.swift; path = SceneDelegate.swift; sourceTree = "<group>"; };
		60570E4D2AFE24010019C535 /* OverviewController.swift */ = {isa = PBXFileReference; lastKnownFileType = sourcecode.swift; path = OverviewController.swift; sourceTree = "<group>"; };
		60570E522AFE24020019C535 /* Assets.xcassets */ = {isa = PBXFileReference; lastKnownFileType = folder.assetcatalog; path = Assets.xcassets; sourceTree = "<group>"; };
		60570E552AFE24020019C535 /* Base */ = {isa = PBXFileReference; lastKnownFileType = file.storyboard; name = Base; path = Base.lproj/LaunchScreen.storyboard; sourceTree = "<group>"; };
		60570E572AFE24020019C535 /* Info.plist */ = {isa = PBXFileReference; lastKnownFileType = text.plist.xml; path = Info.plist; sourceTree = "<group>"; };
		60570E652AFE25550019C535 /* TabBarController.swift */ = {isa = PBXFileReference; lastKnownFileType = sourcecode.swift; path = TabBarController.swift; sourceTree = "<group>"; };
		60570E682AFE25A30019C535 /* SessionViewController.swift */ = {isa = PBXFileReference; lastKnownFileType = sourcecode.swift; path = SessionViewController.swift; sourceTree = "<group>"; };
		60570E6A2AFE25B00019C535 /* ProgressViewController.swift */ = {isa = PBXFileReference; lastKnownFileType = sourcecode.swift; path = ProgressViewController.swift; sourceTree = "<group>"; };
		60570E6C2AFE25BF0019C535 /* SettingsViewController.swift */ = {isa = PBXFileReference; lastKnownFileType = sourcecode.swift; path = SettingsViewController.swift; sourceTree = "<group>"; };
		60570E6F2AFE25FE0019C535 /* Extension + UIColor.swift */ = {isa = PBXFileReference; lastKnownFileType = sourcecode.swift; path = "Extension + UIColor.swift"; sourceTree = "<group>"; };
		60570E722AFE26500019C535 /* Resources.swift */ = {isa = PBXFileReference; lastKnownFileType = sourcecode.swift; path = Resources.swift; sourceTree = "<group>"; };
		60570E752AFE2E310019C535 /* NavigationController.swift */ = {isa = PBXFileReference; lastKnownFileType = sourcecode.swift; path = NavigationController.swift; sourceTree = "<group>"; };
		60570E772AFE31BA0019C535 /* BaseController.swift */ = {isa = PBXFileReference; lastKnownFileType = sourcecode.swift; path = BaseController.swift; sourceTree = "<group>"; };
		60570E792AFE34340019C535 /* Extension + UIView.swift */ = {isa = PBXFileReference; lastKnownFileType = sourcecode.swift; path = "Extension + UIView.swift"; sourceTree = "<group>"; };
/* End PBXFileReference section */

/* Begin PBXFrameworksBuildPhase section */
		60570E432AFE24010019C535 /* Frameworks */ = {
			isa = PBXFrameworksBuildPhase;
			buildActionMask = 2147483647;
			files = (
			);
			runOnlyForDeploymentPostprocessing = 0;
		};
/* End PBXFrameworksBuildPhase section */

/* Begin PBXGroup section */
		60570E3D2AFE24010019C535 = {
			isa = PBXGroup;
			children = (
				60570E482AFE24010019C535 /* WorkoutApp */,
				60570E472AFE24010019C535 /* Products */,
			);
			sourceTree = "<group>";
		};
		60570E472AFE24010019C535 /* Products */ = {
			isa = PBXGroup;
			children = (
				60570E462AFE24010019C535 /* WorkoutApp.app */,
			);
			name = Products;
			sourceTree = "<group>";
		};
		60570E482AFE24010019C535 /* WorkoutApp */ = {
			isa = PBXGroup;
			children = (
				60570E712AFE26360019C535 /* Helpers */,
				60570E6E2AFE25DF0019C535 /* Extension */,
				60570E642AFE25420019C535 /* Controllers */,
				60570E5D2AFE24250019C535 /* App */,
				60570E5F2AFE248C0019C535 /* ViewControllers */,
				60570E522AFE24020019C535 /* Assets.xcassets */,
				60570E5E2AFE24300019C535 /* Storyboards */,
			);
			path = WorkoutApp;
			sourceTree = "<group>";
		};
		60570E5D2AFE24250019C535 /* App */ = {
			isa = PBXGroup;
			children = (
				60570E492AFE24010019C535 /* AppDelegate.swift */,
				60570E4B2AFE24010019C535 /* SceneDelegate.swift */,
				60570E572AFE24020019C535 /* Info.plist */,
			);
			path = App;
			sourceTree = "<group>";
		};
		60570E5E2AFE24300019C535 /* Storyboards */ = {
			isa = PBXGroup;
			children = (
				60570E542AFE24020019C535 /* LaunchScreen.storyboard */,
			);
			path = Storyboards;
			sourceTree = "<group>";
		};
		60570E5F2AFE248C0019C535 /* ViewControllers */ = {
			isa = PBXGroup;
			children = (
			);
			name = ViewControllers;
			sourceTree = "<group>";
		};
		60570E642AFE25420019C535 /* Controllers */ = {
			isa = PBXGroup;
			children = (
				60570E7B2AFE36010019C535 /* Overview */,
				60570E7C2AFE361B0019C535 /* Session */,
				60570E7D2AFE36280019C535 /* Progress */,
				60570E7E2AFE36320019C535 /* Settings */,
				60570E652AFE25550019C535 /* TabBarController.swift */,
				60570E752AFE2E310019C535 /* NavigationController.swift */,
				60570E772AFE31BA0019C535 /* BaseController.swift */,
			);
			name = Controllers;
			sourceTree = "<group>";
		};
		60570E6E2AFE25DF0019C535 /* Extension */ = {
			isa = PBXGroup;
			children = (
				60570E6F2AFE25FE0019C535 /* Extension + UIColor.swift */,
				60570E792AFE34340019C535 /* Extension + UIView.swift */,
			);
			name = Extension;
			sourceTree = "<group>";
		};
		60570E712AFE26360019C535 /* Helpers */ = {
			isa = PBXGroup;
			children = (
				60570E722AFE26500019C535 /* Resources.swift */,
			);
			name = Helpers;
			sourceTree = "<group>";
		};
		60570E7B2AFE36010019C535 /* Overview */ = {
			isa = PBXGroup;
			children = (
				60570E4D2AFE24010019C535 /* OverviewController.swift */,
			);
			path = Overview;
			sourceTree = "<group>";
		};
		60570E7C2AFE361B0019C535 /* Session */ = {
			isa = PBXGroup;
			children = (
				60570E682AFE25A30019C535 /* SessionViewController.swift */,
			);
			name = Session;
			sourceTree = "<group>";
		};
		60570E7D2AFE36280019C535 /* Progress */ = {
			isa = PBXGroup;
			children = (
				60570E6A2AFE25B00019C535 /* ProgressViewController.swift */,
			);
			name = Progress;
			sourceTree = "<group>";
		};
		60570E7E2AFE36320019C535 /* Settings */ = {
			isa = PBXGroup;
			children = (
				60570E6C2AFE25BF0019C535 /* SettingsViewController.swift */,
			);
			path = Settings;
			sourceTree = "<group>";
		};
/* End PBXGroup section */

/* Begin PBXNativeTarget section */
		60570E452AFE24010019C535 /* WorkoutApp */ = {
			isa = PBXNativeTarget;
			buildConfigurationList = 60570E5A2AFE24020019C535 /* Build configuration list for PBXNativeTarget "WorkoutApp" */;
			buildPhases = (
				60570E422AFE24010019C535 /* Sources */,
				60570E432AFE24010019C535 /* Frameworks */,
				60570E442AFE24010019C535 /* Resources */,
			);
			buildRules = (
			);
			dependencies = (
			);
			name = WorkoutApp;
			productName = WorkoutApp;
			productReference = 60570E462AFE24010019C535 /* WorkoutApp.app */;
			productType = "com.apple.product-type.application";
		};
/* End PBXNativeTarget section */

/* Begin PBXProject section */
		60570E3E2AFE24010019C535 /* Project object */ = {
			isa = PBXProject;
			attributes = {
				BuildIndependentTargetsInParallel = 1;
				LastSwiftUpdateCheck = 1500;
				LastUpgradeCheck = 1500;
				TargetAttributes = {
					60570E452AFE24010019C535 = {
						CreatedOnToolsVersion = 15.0;
					};
				};
			};
			buildConfigurationList = 60570E412AFE24010019C535 /* Build configuration list for PBXProject "WorkoutApp" */;
			compatibilityVersion = "Xcode 14.0";
			developmentRegion = en;
			hasScannedForEncodings = 0;
			knownRegions = (
				en,
				Base,
			);
			mainGroup = 60570E3D2AFE24010019C535;
			productRefGroup = 60570E472AFE24010019C535 /* Products */;
			projectDirPath = "";
			projectRoot = "";
			targets = (
				60570E452AFE24010019C535 /* WorkoutApp */,
			);
		};
/* End PBXProject section */

/* Begin PBXResourcesBuildPhase section */
		60570E442AFE24010019C535 /* Resources */ = {
			isa = PBXResourcesBuildPhase;
			buildActionMask = 2147483647;
			files = (
				60570E562AFE24020019C535 /* LaunchScreen.storyboard in Resources */,
				60570E532AFE24020019C535 /* Assets.xcassets in Resources */,
			);
			runOnlyForDeploymentPostprocessing = 0;
		};
/* End PBXResourcesBuildPhase section */

/* Begin PBXSourcesBuildPhase section */
		60570E422AFE24010019C535 /* Sources */ = {
			isa = PBXSourcesBuildPhase;
			buildActionMask = 2147483647;
			files = (
				60570E782AFE31BA0019C535 /* BaseController.swift in Sources */,
				60570E4E2AFE24010019C535 /* OverviewController.swift in Sources */,
				60570E702AFE25FE0019C535 /* Extension + UIColor.swift in Sources */,
				60570E662AFE25550019C535 /* TabBarController.swift in Sources */,
				60570E4A2AFE24010019C535 /* AppDelegate.swift in Sources */,
				60570E6B2AFE25B00019C535 /* ProgressViewController.swift in Sources */,
				60570E6D2AFE25BF0019C535 /* SettingsViewController.swift in Sources */,
				60570E732AFE26500019C535 /* Resources.swift in Sources */,
				60570E7A2AFE34340019C535 /* Extension + UIView.swift in Sources */,
				60570E762AFE2E310019C535 /* NavigationController.swift in Sources */,
				60570E692AFE25A30019C535 /* SessionViewController.swift in Sources */,
				60570E4C2AFE24010019C535 /* SceneDelegate.swift in Sources */,
			);
			runOnlyForDeploymentPostprocessing = 0;
		};
/* End PBXSourcesBuildPhase section */

/* Begin PBXVariantGroup section */
		60570E542AFE24020019C535 /* LaunchScreen.storyboard */ = {
			isa = PBXVariantGroup;
			children = (
				60570E552AFE24020019C535 /* Base */,
			);
			name = LaunchScreen.storyboard;
			sourceTree = "<group>";
		};
/* End PBXVariantGroup section */

/* Begin XCBuildConfiguration section */
		60570E582AFE24020019C535 /* Debug */ = {
			isa = XCBuildConfiguration;
			buildSettings = {
				ALWAYS_SEARCH_USER_PATHS = NO;
				ASSETCATALOG_COMPILER_GENERATE_SWIFT_ASSET_SYMBOL_EXTENSIONS = YES;
				CLANG_ANALYZER_NONNULL = YES;
				CLANG_ANALYZER_NUMBER_OBJECT_CONVERSION = YES_AGGRESSIVE;
				CLANG_CXX_LANGUAGE_STANDARD = "gnu++20";
				CLANG_ENABLE_MODULES = YES;
				CLANG_ENABLE_OBJC_ARC = YES;
				CLANG_ENABLE_OBJC_WEAK = YES;
				CLANG_WARN_BLOCK_CAPTURE_AUTORELEASING = YES;
				CLANG_WARN_BOOL_CONVERSION = YES;
				CLANG_WARN_COMMA = YES;
				CLANG_WARN_CONSTANT_CONVERSION = YES;
				CLANG_WARN_DEPRECATED_OBJC_IMPLEMENTATIONS = YES;
				CLANG_WARN_DIRECT_OBJC_ISA_USAGE = YES_ERROR;
				CLANG_WARN_DOCUMENTATION_COMMENTS = YES;
				CLANG_WARN_EMPTY_BODY = YES;
				CLANG_WARN_ENUM_CONVERSION = YES;
				CLANG_WARN_INFINITE_RECURSION = YES;
				CLANG_WARN_INT_CONVERSION = YES;
				CLANG_WARN_NON_LITERAL_NULL_CONVERSION = YES;
				CLANG_WARN_OBJC_IMPLICIT_RETAIN_SELF = YES;
				CLANG_WARN_OBJC_LITERAL_CONVERSION = YES;
				CLANG_WARN_OBJC_ROOT_CLASS = YES_ERROR;
				CLANG_WARN_QUOTED_INCLUDE_IN_FRAMEWORK_HEADER = YES;
				CLANG_WARN_RANGE_LOOP_ANALYSIS = YES;
				CLANG_WARN_STRICT_PROTOTYPES = YES;
				CLANG_WARN_SUSPICIOUS_MOVE = YES;
				CLANG_WARN_UNGUARDED_AVAILABILITY = YES_AGGRESSIVE;
				CLANG_WARN_UNREACHABLE_CODE = YES;
				CLANG_WARN__DUPLICATE_METHOD_MATCH = YES;
				COPY_PHASE_STRIP = NO;
				DEBUG_INFORMATION_FORMAT = dwarf;
				ENABLE_STRICT_OBJC_MSGSEND = YES;
				ENABLE_TESTABILITY = YES;
				ENABLE_USER_SCRIPT_SANDBOXING = YES;
				GCC_C_LANGUAGE_STANDARD = gnu17;
				GCC_DYNAMIC_NO_PIC = NO;
				GCC_NO_COMMON_BLOCKS = YES;
				GCC_OPTIMIZATION_LEVEL = 0;
				GCC_PREPROCESSOR_DEFINITIONS = (
					"DEBUG=1",
					"$(inherited)",
				);
				GCC_WARN_64_TO_32_BIT_CONVERSION = YES;
				GCC_WARN_ABOUT_RETURN_TYPE = YES_ERROR;
				GCC_WARN_UNDECLARED_SELECTOR = YES;
				GCC_WARN_UNINITIALIZED_AUTOS = YES_AGGRESSIVE;
				GCC_WARN_UNUSED_FUNCTION = YES;
				GCC_WARN_UNUSED_VARIABLE = YES;
				IPHONEOS_DEPLOYMENT_TARGET = 17.0;
				LOCALIZATION_PREFERS_STRING_CATALOGS = YES;
				MTL_ENABLE_DEBUG_INFO = INCLUDE_SOURCE;
				MTL_FAST_MATH = YES;
				ONLY_ACTIVE_ARCH = YES;
				SDKROOT = iphoneos;
				SWIFT_ACTIVE_COMPILATION_CONDITIONS = "DEBUG $(inherited)";
				SWIFT_OPTIMIZATION_LEVEL = "-Onone";
			};
			name = Debug;
		};
		60570E592AFE24020019C535 /* Release */ = {
			isa = XCBuildConfiguration;
			buildSettings = {
				ALWAYS_SEARCH_USER_PATHS = NO;
				ASSETCATALOG_COMPILER_GENERATE_SWIFT_ASSET_SYMBOL_EXTENSIONS = YES;
				CLANG_ANALYZER_NONNULL = YES;
				CLANG_ANALYZER_NUMBER_OBJECT_CONVERSION = YES_AGGRESSIVE;
				CLANG_CXX_LANGUAGE_STANDARD = "gnu++20";
				CLANG_ENABLE_MODULES = YES;
				CLANG_ENABLE_OBJC_ARC = YES;
				CLANG_ENABLE_OBJC_WEAK = YES;
				CLANG_WARN_BLOCK_CAPTURE_AUTORELEASING = YES;
				CLANG_WARN_BOOL_CONVERSION = YES;
				CLANG_WARN_COMMA = YES;
				CLANG_WARN_CONSTANT_CONVERSION = YES;
				CLANG_WARN_DEPRECATED_OBJC_IMPLEMENTATIONS = YES;
				CLANG_WARN_DIRECT_OBJC_ISA_USAGE = YES_ERROR;
				CLANG_WARN_DOCUMENTATION_COMMENTS = YES;
				CLANG_WARN_EMPTY_BODY = YES;
				CLANG_WARN_ENUM_CONVERSION = YES;
				CLANG_WARN_INFINITE_RECURSION = YES;
				CLANG_WARN_INT_CONVERSION = YES;
				CLANG_WARN_NON_LITERAL_NULL_CONVERSION = YES;
				CLANG_WARN_OBJC_IMPLICIT_RETAIN_SELF = YES;
				CLANG_WARN_OBJC_LITERAL_CONVERSION = YES;
				CLANG_WARN_OBJC_ROOT_CLASS = YES_ERROR;
				CLANG_WARN_QUOTED_INCLUDE_IN_FRAMEWORK_HEADER = YES;
				CLANG_WARN_RANGE_LOOP_ANALYSIS = YES;
				CLANG_WARN_STRICT_PROTOTYPES = YES;
				CLANG_WARN_SUSPICIOUS_MOVE = YES;
				CLANG_WARN_UNGUARDED_AVAILABILITY = YES_AGGRESSIVE;
				CLANG_WARN_UNREACHABLE_CODE = YES;
				CLANG_WARN__DUPLICATE_METHOD_MATCH = YES;
				COPY_PHASE_STRIP = NO;
				DEBUG_INFORMATION_FORMAT = "dwarf-with-dsym";
				ENABLE_NS_ASSERTIONS = NO;
				ENABLE_STRICT_OBJC_MSGSEND = YES;
				ENABLE_USER_SCRIPT_SANDBOXING = YES;
				GCC_C_LANGUAGE_STANDARD = gnu17;
				GCC_NO_COMMON_BLOCKS = YES;
				GCC_WARN_64_TO_32_BIT_CONVERSION = YES;
				GCC_WARN_ABOUT_RETURN_TYPE = YES_ERROR;
				GCC_WARN_UNDECLARED_SELECTOR = YES;
				GCC_WARN_UNINITIALIZED_AUTOS = YES_AGGRESSIVE;
				GCC_WARN_UNUSED_FUNCTION = YES;
				GCC_WARN_UNUSED_VARIABLE = YES;
				IPHONEOS_DEPLOYMENT_TARGET = 17.0;
				LOCALIZATION_PREFERS_STRING_CATALOGS = YES;
				MTL_ENABLE_DEBUG_INFO = NO;
				MTL_FAST_MATH = YES;
				SDKROOT = iphoneos;
				SWIFT_COMPILATION_MODE = wholemodule;
				VALIDATE_PRODUCT = YES;
			};
			name = Release;
		};
		60570E5B2AFE24020019C535 /* Debug */ = {
			isa = XCBuildConfiguration;
			buildSettings = {
				ASSETCATALOG_COMPILER_APPICON_NAME = AppIcon;
				ASSETCATALOG_COMPILER_GLOBAL_ACCENT_COLOR_NAME = AccentColor;
				CODE_SIGN_STYLE = Automatic;
				CURRENT_PROJECT_VERSION = 1;
				DEVELOPMENT_TEAM = FVQZR7MUR6;
				GENERATE_INFOPLIST_FILE = YES;
				INFOPLIST_FILE = WorkoutApp/App/Info.plist;
				INFOPLIST_KEY_UIApplicationSupportsIndirectInputEvents = YES;
				INFOPLIST_KEY_UILaunchStoryboardName = LaunchScreen;
				INFOPLIST_KEY_UISupportedInterfaceOrientations = UIInterfaceOrientationPortrait;
				INFOPLIST_KEY_UISupportedInterfaceOrientations_iPad = "UIInterfaceOrientationLandscapeLeft UIInterfaceOrientationLandscapeRight UIInterfaceOrientationPortrait UIInterfaceOrientationPortraitUpsideDown";
				IPHONEOS_DEPLOYMENT_TARGET = 16.4;
				LD_RUNPATH_SEARCH_PATHS = (
					"$(inherited)",
					"@executable_path/Frameworks",
				);
				MARKETING_VERSION = 1.0;
				PRODUCT_BUNDLE_IDENTIFIER = "Vydrin-S.V.WorkoutApp";
				PRODUCT_NAME = "$(TARGET_NAME)";
				SUPPORTED_PLATFORMS = "iphoneos iphonesimulator";
				SUPPORTS_MACCATALYST = NO;
				SUPPORTS_MAC_DESIGNED_FOR_IPHONE_IPAD = NO;
				SWIFT_EMIT_LOC_STRINGS = YES;
				SWIFT_VERSION = 5.0;
				TARGETED_DEVICE_FAMILY = 1;
			};
			name = Debug;
		};
		60570E5C2AFE24020019C535 /* Release */ = {
			isa = XCBuildConfiguration;
			buildSettings = {
				ASSETCATALOG_COMPILER_APPICON_NAME = AppIcon;
				ASSETCATALOG_COMPILER_GLOBAL_ACCENT_COLOR_NAME = AccentColor;
				CODE_SIGN_STYLE = Automatic;
				CURRENT_PROJECT_VERSION = 1;
				DEVELOPMENT_TEAM = FVQZR7MUR6;
				GENERATE_INFOPLIST_FILE = YES;
				INFOPLIST_FILE = WorkoutApp/App/Info.plist;
				INFOPLIST_KEY_UIApplicationSupportsIndirectInputEvents = YES;
				INFOPLIST_KEY_UILaunchStoryboardName = LaunchScreen;
				INFOPLIST_KEY_UISupportedInterfaceOrientations = UIInterfaceOrientationPortrait;
				INFOPLIST_KEY_UISupportedInterfaceOrientations_iPad = "UIInterfaceOrientationLandscapeLeft UIInterfaceOrientationLandscapeRight UIInterfaceOrientationPortrait UIInterfaceOrientationPortraitUpsideDown";
				IPHONEOS_DEPLOYMENT_TARGET = 16.4;
				LD_RUNPATH_SEARCH_PATHS = (
					"$(inherited)",
					"@executable_path/Frameworks",
				);
				MARKETING_VERSION = 1.0;
				PRODUCT_BUNDLE_IDENTIFIER = "Vydrin-S.V.WorkoutApp";
				PRODUCT_NAME = "$(TARGET_NAME)";
				SUPPORTED_PLATFORMS = "iphoneos iphonesimulator";
				SUPPORTS_MACCATALYST = NO;
				SUPPORTS_MAC_DESIGNED_FOR_IPHONE_IPAD = NO;
				SWIFT_EMIT_LOC_STRINGS = YES;
				SWIFT_VERSION = 5.0;
				TARGETED_DEVICE_FAMILY = 1;
			};
			name = Release;
		};
/* End XCBuildConfiguration section */

/* Begin XCConfigurationList section */
		60570E412AFE24010019C535 /* Build configuration list for PBXProject "WorkoutApp" */ = {
			isa = XCConfigurationList;
			buildConfigurations = (
				60570E582AFE24020019C535 /* Debug */,
				60570E592AFE24020019C535 /* Release */,
			);
			defaultConfigurationIsVisible = 0;
			defaultConfigurationName = Release;
		};
		60570E5A2AFE24020019C535 /* Build configuration list for PBXNativeTarget "WorkoutApp" */ = {
			isa = XCConfigurationList;
			buildConfigurations = (
				60570E5B2AFE24020019C535 /* Debug */,
				60570E5C2AFE24020019C535 /* Release */,
			);
			defaultConfigurationIsVisible = 0;
			defaultConfigurationName = Release;
		};
/* End XCConfigurationList section */
	};
	rootObject = 60570E3E2AFE24010019C535 /* Project object */;
}
